
Microsoft Visual Studio Solution File, Format Version 12.00
# Visual Studio 15
Project("{FAE04EC0-301F-11D3-BF4B-00C04F79EFBC}") = "Assembly-CSharp", "Assembly-CSharp.csproj", "{C16845B0-7F14-8C9B-FD3A-D535CC95490A}"
EndProject
Project("{FAE04EC0-301F-11D3-BF4B-00C04F79EFBC}") = "Assembly-CSharp-Editor", "Assembly-CSharp-Editor.csproj", "{A03FCF02-1295-DAB2-245D-CCE5C5884FBD}"
EndProject
Global
	GlobalSection(SolutionConfigurationPlatforms) = preSolution
		Debug|Any CPU = Debug|Any CPU
		Release|Any CPU = Release|Any CPU
	EndGlobalSection
	GlobalSection(ProjectConfigurationPlatforms) = postSolution
		{C16845B0-7F14-8C9B-FD3A-D535CC95490A}.Debug|Any CPU.ActiveCfg = Debug|Any CPU
		{C16845B0-7F14-8C9B-FD3A-D535CC95490A}.Debug|Any CPU.Build.0 = Debug|Any CPU
		{C16845B0-7F14-8C9B-FD3A-D535CC95490A}.Release|Any CPU.ActiveCfg = Release|Any CPU
		{C16845B0-7F14-8C9B-FD3A-D535CC95490A}.Release|Any CPU.Build.0 = Release|Any CPU
		{A03FCF02-1295-DAB2-245D-CCE5C5884FBD}.Debug|Any CPU.ActiveCfg = Debug|Any CPU
		{A03FCF02-1295-DAB2-245D-CCE5C5884FBD}.Debug|Any CPU.Build.0 = Debug|Any CPU
		{A03FCF02-1295-DAB2-245D-CCE5C5884FBD}.Release|Any CPU.ActiveCfg = Release|Any CPU
		{A03FCF02-1295-DAB2-245D-CCE5C5884FBD}.Release|Any CPU.Build.0 = Release|Any CPU
	EndGlobalSection
	GlobalSection(SolutionProperties) = preSolution
		HideSolutionNode = FALSE
	EndGlobalSection
EndGlobal
